
Microsoft Visual Studio Solution File, Format Version 12.00
# Visual Studio Version 17
VisualStudioVersion = 17.7.34221.43
MinimumVisualStudioVersion = 10.0.40219.1
Project("{FAE04EC0-301F-11D3-BF4B-00C04F79EFBC}") = "parsecrypto3", "parsecrypto3\parsecrypto3.csproj", "{481B427A-07B0-4057-834D-5F5EA9E29EAA}"
EndProject
Global
	GlobalSection(SolutionConfigurationPlatforms) = preSolution
		Debug|Any CPU = Debug|Any CPU
		Release|Any CPU = Release|Any CPU
	EndGlobalSection
	GlobalSection(ProjectConfigurationPlatforms) = postSolution
		{481B427A-07B0-4057-834D-5F5EA9E29EAA}.Debug|Any CPU.ActiveCfg = Debug|Any CPU
		{481B427A-07B0-4057-834D-5F5EA9E29EAA}.Debug|Any CPU.Build.0 = Debug|Any CPU
		{481B427A-07B0-4057-834D-5F5EA9E29EAA}.Release|Any CPU.ActiveCfg = Release|Any CPU
		{481B427A-07B0-4057-834D-5F5EA9E29EAA}.Release|Any CPU.Build.0 = Release|Any CPU
	EndGlobalSection
	GlobalSection(SolutionProperties) = preSolution
		HideSolutionNode = FALSE
	EndGlobalSection
	GlobalSection(ExtensibilityGlobals) = postSolution
		SolutionGuid = {8A59220D-284C-4805-B550-DC48C3758A2B}
	EndGlobalSection
EndGlobal
